{
    "_readme": [
        "This file locks the dependencies of your project to a known state",
        "Read more about it at https://getcomposer.org/doc/01-basic-usage.md#composer-lock-the-lock-file",
        "This file is @generated automatically"
    ],
    "content-hash": "3c31d67cad4d44212b45ff8c6d015e8e",
    "packages": [
        {
            "name": "validformbuilder/validformbuilder",
            "version": "dev-master",
            "source": {
                "type": "git",
                "url": "https://github.com/validformbuilder/validformbuilder.git",
                "reference": "a6ca9880e75aa7aeecceac894446d1ce9864a526"
            },
            "dist": {
                "type": "zip",
                "url": "https://api.github.com/repos/validformbuilder/validformbuilder/zipball/a6ca9880e75aa7aeecceac894446d1ce9864a526",
                "reference": "a6ca9880e75aa7aeecceac894446d1ce9864a526",
                "shasum": ""
            },
            "require": {
                "php": ">=5.4.0",
                "volnix/csrf": "~1.0"
            },
            "require-dev": {
                "phpdocumentor/phpdocumentor": "dev-develop"
            },
            "type": "library",
            "autoload": {
                "psr-0": {
                    "ValidFormBuilder": "classes/"
                }
            },
            "notification-url": "https://packagist.org/downloads/",
            "license": [
                "GNU GPL v2"
            ],
            "authors": [
                {
                    "name": "Felix Langfeldt",
                    "email": "felix@neverwoods.com"
                },
                {
                    "name": "Robin van Baalen",
                    "email": "robin@cattlea.com"
                }
            ],
            "description": "The easiest tool for generating XHTML 1.0 valid and CSS enabled webforms.",
            "homepage": "http://www.validformbuilder.org/",
            "keywords": [
                "building",
                "form",
                "validation"
            ],
            "time": "2017-07-27 15:07:15"
        },
        {
            "name": "volnix/csrf",
            "version": "1.2.0",
            "source": {
                "type": "git",
                "url": "https://github.com/volnix/csrf.git",
                "reference": "73743e18c22e680dfb6b34d0f7e8a649b4fc9532"
            },
            "dist": {
                "type": "zip",
                "url": "https://api.github.com/repos/volnix/csrf/zipball/73743e18c22e680dfb6b34d0f7e8a649b4fc9532",
                "reference": "73743e18c22e680dfb6b34d0f7e8a649b4fc9532",
                "shasum": ""
            },
            "require": {
                "php": ">= 5.3"
            },
            "require-dev": {
                "phpunit/phpunit": "~3.7"
            },
            "type": "library",
            "autoload": {
                "psr-4": {
                    "Volnix\\CSRF\\": "src/"
                }
            },
            "notification-url": "https://packagist.org/downloads/",
            "license": [
                "MIT"
            ],
            "authors": [
                {
                    "name": "Nick Volgas",
                    "email": "nvolgas@ark.org"
                }
            ],
            "description": "CSRF protection library that compares provided token to session token to ensure request validity.",
            "homepage": "https://github.com/volnix/csrf",
            "time": "2015-11-24T15:32:52+00:00"
        }
    ],
    "packages-dev": [],
    "aliases": [],
    "minimum-stability": "stable",
    "stability-flags": {
        "validformbuilder/validformbuilder": 20
    },
    "prefer-stable": false,
    "prefer-lowest": false,
    "platform": [],
    "platform-dev": []
}
