# THIS IS AN AUTOGENERATED FILE. DO NOT EDIT THIS FILE DIRECTLY.
# yarn lockfile v1


jquery@^3.1.1:
  version "3.1.1"
  resolved "https://registry.yarnpkg.com/jquery/-/jquery-3.1.1.tgz#347c1c21c7e004115e0a4da32cece041fad3c8a3"

normalize.css@^5.0.0:
  version "5.0.0"
  resolved "https://registry.yarnpkg.com/normalize.css/-/normalize.css-5.0.0.tgz#7cec875ce8178a5333c4de80b68ea9c18b9d7c37"
